Microsoft Visual Studio Solution File, Format Version 12.00
# Visual Studio Version 17
VisualStudioVersion = 17.0.31903.59
MinimumVisualStudioVersion = 10.0.40219.1
Project("{FAE04EC0-301F-11D3-BF4B-00C04F79EFBC}") = "RSTT.App", "src\RSTT.App\RSTT.App.csproj", "{762A6DB0-8A41-4FC5-9368-734534C92B87}"
EndProject
Project("{FAE04EC0-301F-11D3-BF4B-00C04F79EFBC}") = "RSTT.Core", "src\RSTT.Core\RSTT.Core.csproj", "{279EDB06-D635-44C9-896B-011B0C50351E}"
EndProject
Project("{FAE04EC0-301F-11D3-BF4B-00C04F79EFBC}") = "RSTT.Audio", "src\RSTT.Audio\RSTT.Audio.csproj", "{F9952BFC-A75D-4D60-9830-58D23BB7CE2A}"
EndProject
Project("{FAE04EC0-301F-11D3-BF4B-00C04F79EFBC}") = "RSTT.Speech", "src\RSTT.Speech\RSTT.Speech.csproj", "{DAB41A5C-6DBA-4385-8064-19C7702D3B96}"
EndProject
Project("{FAE04EC0-301F-11D3-BF4B-00C04F79EFBC}") = "RSTT.Input", "src\RSTT.Input\RSTT.Input.csproj", "{4A639A42-8746-4A13-AABF-5062842B9F72}"
EndProject
Project("{FAE04EC0-301F-11D3-BF4B-00C04F79EFBC}") = "RSTT.Infrastructure", "src\RSTT.Infrastructure\RSTT.Infrastructure.csproj", "{C01EE63B-842F-4E35-9257-917C9C5C7F2B}"
EndProject
Project("{FAE04EC0-301F-11D3-BF4B-00C04F79EFBC}") = "RSTT.Core.Tests", "tests\RSTT.Core.Tests\RSTT.Core.Tests.csproj", "{A33F366A-A805-4F7B-88FE-9B6E2B0D6D10}"
EndProject
Project("{FAE04EC0-301F-11D3-BF4B-00C04F79EFBC}") = "RSTT.Speech.Tests", "tests\RSTT.Speech.Tests\RSTT.Speech.Tests.csproj", "{BF4F62B8-53A2-48C0-BDFA-5C6A2C2E3A43}"
EndProject
Project("{FAE04EC0-301F-11D3-BF4B-00C04F79EFBC}") = "RSTT.Input.TestHost", "tests\RSTT.Input.TestHost\RSTT.Input.TestHost.csproj", "{9A34A6E9-C0D9-4AD4-86BA-B729BD4E5719}"
EndProject
Project("{FAE04EC0-301F-11D3-BF4B-00C04F79EFBC}") = "RSTT.Whisper.Worker", "src\RSTT.Whisper.Worker\RSTT.Whisper.Worker.csproj", "{2D563A11-D786-4D28-96F9-16821D54C97F}"
EndProject
Project("{FAE04EC0-301F-11D3-BF4B-00C04F79EFBC}") = "RSTT.Whisper.Cuda12.Worker", "src\RSTT.Whisper.Cuda12.Worker\RSTT.Whisper.Cuda12.Worker.csproj", "{B476BF7D-203B-45DC-916F-B345EE880EF7}"
EndProject
Project("{FAE04EC0-301F-11D3-BF4B-00C04F79EFBC}") = "RSTT.Notepad.IntegrationRunner", "tests\RSTT.Notepad.IntegrationRunner\RSTT.Notepad.IntegrationRunner.csproj", "{52943C11-7C8A-44C0-867C-27B3E06773CC}"
EndProject
Project("{FAE04EC0-301F-11D3-BF4B-00C04F79EFBC}") = "RSTT.Sherpa.Worker", "src\RSTT.Sherpa.Worker\RSTT.Sherpa.Worker.csproj", "{8E25DB4B-A2F0-4DA4-9F12-0C8E5543A1B7}"
EndProject
Project("{FAE04EC0-301F-11D3-BF4B-00C04F79EFBC}") = "RSTT.Sherpa.Cuda12.Worker", "src\RSTT.Sherpa.Cuda12.Worker\RSTT.Sherpa.Cuda12.Worker.csproj", "{F2B36E5D-1E7A-45A9-8D28-4D3CF43AEB9E}"
EndProject
Project("{2150E333-8FDC-42A3-9474-1A3956D46DE8}") = "tests", "tests", "{0AB3BF05-4346-4AA6-1389-037BE0695223}"
EndProject
Project("{FAE04EC0-301F-11D3-BF4B-00C04F79EFBC}") = "RSTT.Gpu.IntegrationRunner", "tests\RSTT.Gpu.IntegrationRunner\RSTT.Gpu.IntegrationRunner.csproj", "{49F765F9-CD5B-4E36-B3C7-EA16265FE10A}"
EndProject
Project("{2150E333-8FDC-42A3-9474-1A3956D46DE8}") = "src", "src", "{827E0CD3-B72D-47B6-A68D-7590B98EB39B}"
EndProject
Project("{FAE04EC0-301F-11D3-BF4B-00C04F79EFBC}") = "RSTT.Model.IntegrationRunner", "tests\RSTT.Model.IntegrationRunner\RSTT.Model.IntegrationRunner.csproj", "{0A95419E-557F-4609-AF81-E3CFC2B90081}"
EndProject
Global
	GlobalSection(SolutionConfigurationPlatforms) = preSolution
		Debug|Any CPU = Debug|Any CPU
		Debug|x64 = Debug|x64
		Debug|x86 = Debug|x86
		Release|Any CPU = Release|Any CPU
		Release|x64 = Release|x64
		Release|x86 = Release|x86
	EndGlobalSection
	GlobalSection(ProjectConfigurationPlatforms) = postSolution
		{762A6DB0-8A41-4FC5-9368-734534C92B87}.Debug|Any CPU.ActiveCfg = Debug|Any CPU
		{762A6DB0-8A41-4FC5-9368-734534C92B87}.Debug|Any CPU.Build.0 = Debug|Any CPU
		{762A6DB0-8A41-4FC5-9368-734534C92B87}.Debug|x64.ActiveCfg = Debug|Any CPU
		{762A6DB0-8A41-4FC5-9368-734534C92B87}.Debug|x64.Build.0 = Debug|Any CPU
		{762A6DB0-8A41-4FC5-9368-734534C92B87}.Debug|x86.ActiveCfg = Debug|Any CPU
		{762A6DB0-8A41-4FC5-9368-734534C92B87}.Debug|x86.Build.0 = Debug|Any CPU
		{762A6DB0-8A41-4FC5-9368-734534C92B87}.Release|Any CPU.ActiveCfg = Release|Any CPU
		{762A6DB0-8A41-4FC5-9368-734534C92B87}.Release|Any CPU.Build.0 = Release|Any CPU
		{762A6DB0-8A41-4FC5-9368-734534C92B87}.Release|x64.ActiveCfg = Release|Any CPU
		{762A6DB0-8A41-4FC5-9368-734534C92B87}.Release|x64.Build.0 = Release|Any CPU
		{762A6DB0-8A41-4FC5-9368-734534C92B87}.Release|x86.ActiveCfg = Release|Any CPU
		{762A6DB0-8A41-4FC5-9368-734534C92B87}.Release|x86.Build.0 = Release|Any CPU
		{279EDB06-D635-44C9-896B-011B0C50351E}.Debug|Any CPU.ActiveCfg = Debug|Any CPU
		{279EDB06-D635-44C9-896B-011B0C50351E}.Debug|Any CPU.Build.0 = Debug|Any CPU
		{279EDB06-D635-44C9-896B-011B0C50351E}.Debug|x64.ActiveCfg = Debug|Any CPU
		{279EDB06-D635-44C9-896B-011B0C50351E}.Debug|x64.Build.0 = Debug|Any CPU
		{279EDB06-D635-44C9-896B-011B0C50351E}.Debug|x86.ActiveCfg = Debug|Any CPU
		{279EDB06-D635-44C9-896B-011B0C50351E}.Debug|x86.Build.0 = Debug|Any CPU
		{279EDB06-D635-44C9-896B-011B0C50351E}.Release|Any CPU.ActiveCfg = Release|Any CPU
		{279EDB06-D635-44C9-896B-011B0C50351E}.Release|Any CPU.Build.0 = Release|Any CPU
		{279EDB06-D635-44C9-896B-011B0C50351E}.Release|x64.ActiveCfg = Release|Any CPU
		{279EDB06-D635-44C9-896B-011B0C50351E}.Release|x64.Build.0 = Release|Any CPU
		{279EDB06-D635-44C9-896B-011B0C50351E}.Release|x86.ActiveCfg = Release|Any CPU
		{279EDB06-D635-44C9-896B-011B0C50351E}.Release|x86.Build.0 = Release|Any CPU
		{F9952BFC-A75D-4D60-9830-58D23BB7CE2A}.Debug|Any CPU.ActiveCfg = Debug|Any CPU
		{F9952BFC-A75D-4D60-9830-58D23BB7CE2A}.Debug|Any CPU.Build.0 = Debug|Any CPU
		{F9952BFC-A75D-4D60-9830-58D23BB7CE2A}.Debug|x64.ActiveCfg = Debug|Any CPU
		{F9952BFC-A75D-4D60-9830-58D23BB7CE2A}.Debug|x64.Build.0 = Debug|Any CPU
		{F9952BFC-A75D-4D60-9830-58D23BB7CE2A}.Debug|x86.ActiveCfg = Debug|Any CPU
		{F9952BFC-A75D-4D60-9830-58D23BB7CE2A}.Debug|x86.Build.0 = Debug|Any CPU
		{F9952BFC-A75D-4D60-9830-58D23BB7CE2A}.Release|Any CPU.ActiveCfg = Release|Any CPU
		{F9952BFC-A75D-4D60-9830-58D23BB7CE2A}.Release|Any CPU.Build.0 = Release|Any CPU
		{F9952BFC-A75D-4D60-9830-58D23BB7CE2A}.Release|x64.ActiveCfg = Release|Any CPU
		{F9952BFC-A75D-4D60-9830-58D23BB7CE2A}.Release|x64.Build.0 = Release|Any CPU
		{F9952BFC-A75D-4D60-9830-58D23BB7CE2A}.Release|x86.ActiveCfg = Release|Any CPU
		{F9952BFC-A75D-4D60-9830-58D23BB7CE2A}.Release|x86.Build.0 = Release|Any CPU
		{DAB41A5C-6DBA-4385-8064-19C7702D3B96}.Debug|Any CPU.ActiveCfg = Debug|Any CPU
		{DAB41A5C-6DBA-4385-8064-19C7702D3B96}.Debug|Any CPU.Build.0 = Debug|Any CPU
		{DAB41A5C-6DBA-4385-8064-19C7702D3B96}.Debug|x64.ActiveCfg = Debug|Any CPU
		{DAB41A5C-6DBA-4385-8064-19C7702D3B96}.Debug|x64.Build.0 = Debug|Any CPU
		{DAB41A5C-6DBA-4385-8064-19C7702D3B96}.Debug|x86.ActiveCfg = Debug|Any CPU
		{DAB41A5C-6DBA-4385-8064-19C7702D3B96}.Debug|x86.Build.0 = Debug|Any CPU
		{DAB41A5C-6DBA-4385-8064-19C7702D3B96}.Release|Any CPU.ActiveCfg = Release|Any CPU
		{DAB41A5C-6DBA-4385-8064-19C7702D3B96}.Release|Any CPU.Build.0 = Release|Any CPU
		{DAB41A5C-6DBA-4385-8064-19C7702D3B96}.Release|x64.ActiveCfg = Release|Any CPU
		{DAB41A5C-6DBA-4385-8064-19C7702D3B96}.Release|x64.Build.0 = Release|Any CPU
		{DAB41A5C-6DBA-4385-8064-19C7702D3B96}.Release|x86.ActiveCfg = Release|Any CPU
		{DAB41A5C-6DBA-4385-8064-19C7702D3B96}.Release|x86.Build.0 = Release|Any CPU
		{4A639A42-8746-4A13-AABF-5062842B9F72}.Debug|Any CPU.ActiveCfg = Debug|Any CPU
		{4A639A42-8746-4A13-AABF-5062842B9F72}.Debug|Any CPU.Build.0 = Debug|Any CPU
		{4A639A42-8746-4A13-AABF-5062842B9F72}.Debug|x64.ActiveCfg = Debug|Any CPU
		{4A639A42-8746-4A13-AABF-5062842B9F72}.Debug|x64.Build.0 = Debug|Any CPU
		{4A639A42-8746-4A13-AABF-5062842B9F72}.Debug|x86.ActiveCfg = Debug|Any CPU
		{4A639A42-8746-4A13-AABF-5062842B9F72}.Debug|x86.Build.0 = Debug|Any CPU
		{4A639A42-8746-4A13-AABF-5062842B9F72}.Release|Any CPU.ActiveCfg = Release|Any CPU
		{4A639A42-8746-4A13-AABF-5062842B9F72}.Release|Any CPU.Build.0 = Release|Any CPU
		{4A639A42-8746-4A13-AABF-5062842B9F72}.Release|x64.ActiveCfg = Release|Any CPU
		{4A639A42-8746-4A13-AABF-5062842B9F72}.Release|x64.Build.0 = Release|Any CPU
		{4A639A42-8746-4A13-AABF-5062842B9F72}.Release|x86.ActiveCfg = Release|Any CPU
		{4A639A42-8746-4A13-AABF-5062842B9F72}.Release|x86.Build.0 = Release|Any CPU
		{C01EE63B-842F-4E35-9257-917C9C5C7F2B}.Debug|Any CPU.ActiveCfg = Debug|Any CPU
		{C01EE63B-842F-4E35-9257-917C9C5C7F2B}.Debug|Any CPU.Build.0 = Debug|Any CPU
		{C01EE63B-842F-4E35-9257-917C9C5C7F2B}.Debug|x64.ActiveCfg = Debug|Any CPU
		{C01EE63B-842F-4E35-9257-917C9C5C7F2B}.Debug|x64.Build.0 = Debug|Any CPU
		{C01EE63B-842F-4E35-9257-917C9C5C7F2B}.Debug|x86.ActiveCfg = Debug|Any CPU
		{C01EE63B-842F-4E35-9257-917C9C5C7F2B}.Debug|x86.Build.0 = Debug|Any CPU
		{C01EE63B-842F-4E35-9257-917C9C5C7F2B}.Release|Any CPU.ActiveCfg = Release|Any CPU
		{C01EE63B-842F-4E35-9257-917C9C5C7F2B}.Release|Any CPU.Build.0 = Release|Any CPU
		{C01EE63B-842F-4E35-9257-917C9C5C7F2B}.Release|x64.ActiveCfg = Release|Any CPU
		{C01EE63B-842F-4E35-9257-917C9C5C7F2B}.Release|x64.Build.0 = Release|Any CPU
		{C01EE63B-842F-4E35-9257-917C9C5C7F2B}.Release|x86.ActiveCfg = Release|Any CPU
		{C01EE63B-842F-4E35-9257-917C9C5C7F2B}.Release|x86.Build.0 = Release|Any CPU
		{A33F366A-A805-4F7B-88FE-9B6E2B0D6D10}.Debug|Any CPU.ActiveCfg = Debug|Any CPU
		{A33F366A-A805-4F7B-88FE-9B6E2B0D6D10}.Debug|Any CPU.Build.0 = Debug|Any CPU
		{A33F366A-A805-4F7B-88FE-9B6E2B0D6D10}.Debug|x64.ActiveCfg = Debug|Any CPU
		{A33F366A-A805-4F7B-88FE-9B6E2B0D6D10}.Debug|x64.Build.0 = Debug|Any CPU
		{A33F366A-A805-4F7B-88FE-9B6E2B0D6D10}.Debug|x86.ActiveCfg = Debug|Any CPU
		{A33F366A-A805-4F7B-88FE-9B6E2B0D6D10}.Debug|x86.Build.0 = Debug|Any CPU
		{A33F366A-A805-4F7B-88FE-9B6E2B0D6D10}.Release|Any CPU.ActiveCfg = Release|Any CPU
		{A33F366A-A805-4F7B-88FE-9B6E2B0D6D10}.Release|Any CPU.Build.0 = Release|Any CPU
		{A33F366A-A805-4F7B-88FE-9B6E2B0D6D10}.Release|x64.ActiveCfg = Release|Any CPU
		{A33F366A-A805-4F7B-88FE-9B6E2B0D6D10}.Release|x64.Build.0 = Release|Any CPU
		{A33F366A-A805-4F7B-88FE-9B6E2B0D6D10}.Release|x86.ActiveCfg = Release|Any CPU
		{A33F366A-A805-4F7B-88FE-9B6E2B0D6D10}.Release|x86.Build.0 = Release|Any CPU
		{BF4F62B8-53A2-48C0-BDFA-5C6A2C2E3A43}.Debug|Any CPU.ActiveCfg = Debug|Any CPU
		{BF4F62B8-53A2-48C0-BDFA-5C6A2C2E3A43}.Debug|Any CPU.Build.0 = Debug|Any CPU
		{BF4F62B8-53A2-48C0-BDFA-5C6A2C2E3A43}.Debug|x64.ActiveCfg = Debug|Any CPU
		{BF4F62B8-53A2-48C0-BDFA-5C6A2C2E3A43}.Debug|x64.Build.0 = Debug|Any CPU
		{BF4F62B8-53A2-48C0-BDFA-5C6A2C2E3A43}.Debug|x86.ActiveCfg = Debug|Any CPU
		{BF4F62B8-53A2-48C0-BDFA-5C6A2C2E3A43}.Debug|x86.Build.0 = Debug|Any CPU
		{BF4F62B8-53A2-48C0-BDFA-5C6A2C2E3A43}.Release|Any CPU.ActiveCfg = Release|Any CPU
		{BF4F62B8-53A2-48C0-BDFA-5C6A2C2E3A43}.Release|Any CPU.Build.0 = Release|Any CPU
		{BF4F62B8-53A2-48C0-BDFA-5C6A2C2E3A43}.Release|x64.ActiveCfg = Release|Any CPU
		{BF4F62B8-53A2-48C0-BDFA-5C6A2C2E3A43}.Release|x64.Build.0 = Release|Any CPU
		{BF4F62B8-53A2-48C0-BDFA-5C6A2C2E3A43}.Release|x86.ActiveCfg = Release|Any CPU
		{BF4F62B8-53A2-48C0-BDFA-5C6A2C2E3A43}.Release|x86.Build.0 = Release|Any CPU
		{9A34A6E9-C0D9-4AD4-86BA-B729BD4E5719}.Debug|Any CPU.ActiveCfg = Debug|Any CPU
		{9A34A6E9-C0D9-4AD4-86BA-B729BD4E5719}.Debug|Any CPU.Build.0 = Debug|Any CPU
		{9A34A6E9-C0D9-4AD4-86BA-B729BD4E5719}.Debug|x64.ActiveCfg = Debug|Any CPU
		{9A34A6E9-C0D9-4AD4-86BA-B729BD4E5719}.Debug|x64.Build.0 = Debug|Any CPU
		{9A34A6E9-C0D9-4AD4-86BA-B729BD4E5719}.Debug|x86.ActiveCfg = Debug|Any CPU
		{9A34A6E9-C0D9-4AD4-86BA-B729BD4E5719}.Debug|x86.Build.0 = Debug|Any CPU
		{9A34A6E9-C0D9-4AD4-86BA-B729BD4E5719}.Release|Any CPU.ActiveCfg = Release|Any CPU
		{9A34A6E9-C0D9-4AD4-86BA-B729BD4E5719}.Release|Any CPU.Build.0 = Release|Any CPU
		{9A34A6E9-C0D9-4AD4-86BA-B729BD4E5719}.Release|x64.ActiveCfg = Release|Any CPU
		{9A34A6E9-C0D9-4AD4-86BA-B729BD4E5719}.Release|x64.Build.0 = Release|Any CPU
		{9A34A6E9-C0D9-4AD4-86BA-B729BD4E5719}.Release|x86.ActiveCfg = Release|Any CPU
		{9A34A6E9-C0D9-4AD4-86BA-B729BD4E5719}.Release|x86.Build.0 = Release|Any CPU
		{2D563A11-D786-4D28-96F9-16821D54C97F}.Debug|Any CPU.ActiveCfg = Debug|Any CPU
		{2D563A11-D786-4D28-96F9-16821D54C97F}.Debug|Any CPU.Build.0 = Debug|Any CPU
		{2D563A11-D786-4D28-96F9-16821D54C97F}.Debug|x64.ActiveCfg = Debug|Any CPU
		{2D563A11-D786-4D28-96F9-16821D54C97F}.Debug|x64.Build.0 = Debug|Any CPU
		{2D563A11-D786-4D28-96F9-16821D54C97F}.Debug|x86.ActiveCfg = Debug|Any CPU
		{2D563A11-D786-4D28-96F9-16821D54C97F}.Debug|x86.Build.0 = Debug|Any CPU
		{2D563A11-D786-4D28-96F9-16821D54C97F}.Release|Any CPU.ActiveCfg = Release|Any CPU
		{2D563A11-D786-4D28-96F9-16821D54C97F}.Release|Any CPU.Build.0 = Release|Any CPU
		{2D563A11-D786-4D28-96F9-16821D54C97F}.Release|x64.ActiveCfg = Release|Any CPU
		{2D563A11-D786-4D28-96F9-16821D54C97F}.Release|x64.Build.0 = Release|Any CPU
		{2D563A11-D786-4D28-96F9-16821D54C97F}.Release|x86.ActiveCfg = Release|Any CPU
		{2D563A11-D786-4D28-96F9-16821D54C97F}.Release|x86.Build.0 = Release|Any CPU
		{B476BF7D-203B-45DC-916F-B345EE880EF7}.Debug|Any CPU.ActiveCfg = Debug|Any CPU
		{B476BF7D-203B-45DC-916F-B345EE880EF7}.Debug|Any CPU.Build.0 = Debug|Any CPU
		{B476BF7D-203B-45DC-916F-B345EE880EF7}.Debug|x64.ActiveCfg = Debug|Any CPU
		{B476BF7D-203B-45DC-916F-B345EE880EF7}.Debug|x64.Build.0 = Debug|Any CPU
		{B476BF7D-203B-45DC-916F-B345EE880EF7}.Debug|x86.ActiveCfg = Debug|Any CPU
		{B476BF7D-203B-45DC-916F-B345EE880EF7}.Debug|x86.Build.0 = Debug|Any CPU
		{B476BF7D-203B-45DC-916F-B345EE880EF7}.Release|Any CPU.ActiveCfg = Release|Any CPU
		{B476BF7D-203B-45DC-916F-B345EE880EF7}.Release|Any CPU.Build.0 = Release|Any CPU
		{B476BF7D-203B-45DC-916F-B345EE880EF7}.Release|x64.ActiveCfg = Release|Any CPU
		{B476BF7D-203B-45DC-916F-B345EE880EF7}.Release|x64.Build.0 = Release|Any CPU
		{B476BF7D-203B-45DC-916F-B345EE880EF7}.Release|x86.ActiveCfg = Release|Any CPU
		{B476BF7D-203B-45DC-916F-B345EE880EF7}.Release|x86.Build.0 = Release|Any CPU
		{52943C11-7C8A-44C0-867C-27B3E06773CC}.Debug|Any CPU.ActiveCfg = Debug|Any CPU
		{52943C11-7C8A-44C0-867C-27B3E06773CC}.Debug|Any CPU.Build.0 = Debug|Any CPU
		{52943C11-7C8A-44C0-867C-27B3E06773CC}.Debug|x64.ActiveCfg = Debug|Any CPU
		{52943C11-7C8A-44C0-867C-27B3E06773CC}.Debug|x64.Build.0 = Debug|Any CPU
		{52943C11-7C8A-44C0-867C-27B3E06773CC}.Debug|x86.ActiveCfg = Debug|Any CPU
		{52943C11-7C8A-44C0-867C-27B3E06773CC}.Debug|x86.Build.0 = Debug|Any CPU
		{52943C11-7C8A-44C0-867C-27B3E06773CC}.Release|Any CPU.ActiveCfg = Release|Any CPU
		{52943C11-7C8A-44C0-867C-27B3E06773CC}.Release|Any CPU.Build.0 = Release|Any CPU
		{52943C11-7C8A-44C0-867C-27B3E06773CC}.Release|x64.ActiveCfg = Release|Any CPU
		{52943C11-7C8A-44C0-867C-27B3E06773CC}.Release|x64.Build.0 = Release|Any CPU
		{52943C11-7C8A-44C0-867C-27B3E06773CC}.Release|x86.ActiveCfg = Release|Any CPU
		{52943C11-7C8A-44C0-867C-27B3E06773CC}.Release|x86.Build.0 = Release|Any CPU
		{8E25DB4B-A2F0-4DA4-9F12-0C8E5543A1B7}.Debug|Any CPU.ActiveCfg = Debug|Any CPU
		{8E25DB4B-A2F0-4DA4-9F12-0C8E5543A1B7}.Debug|Any CPU.Build.0 = Debug|Any CPU
		{8E25DB4B-A2F0-4DA4-9F12-0C8E5543A1B7}.Debug|x64.ActiveCfg = Debug|Any CPU
		{8E25DB4B-A2F0-4DA4-9F12-0C8E5543A1B7}.Debug|x64.Build.0 = Debug|Any CPU
		{8E25DB4B-A2F0-4DA4-9F12-0C8E5543A1B7}.Debug|x86.ActiveCfg = Debug|Any CPU
		{8E25DB4B-A2F0-4DA4-9F12-0C8E5543A1B7}.Debug|x86.Build.0 = Debug|Any CPU
		{8E25DB4B-A2F0-4DA4-9F12-0C8E5543A1B7}.Release|Any CPU.ActiveCfg = Release|Any CPU
		{8E25DB4B-A2F0-4DA4-9F12-0C8E5543A1B7}.Release|Any CPU.Build.0 = Release|Any CPU
		{8E25DB4B-A2F0-4DA4-9F12-0C8E5543A1B7}.Release|x64.ActiveCfg = Release|Any CPU
		{8E25DB4B-A2F0-4DA4-9F12-0C8E5543A1B7}.Release|x64.Build.0 = Release|Any CPU
		{8E25DB4B-A2F0-4DA4-9F12-0C8E5543A1B7}.Release|x86.ActiveCfg = Release|Any CPU
		{8E25DB4B-A2F0-4DA4-9F12-0C8E5543A1B7}.Release|x86.Build.0 = Release|Any CPU
		{F2B36E5D-1E7A-45A9-8D28-4D3CF43AEB9E}.Debug|Any CPU.ActiveCfg = Debug|Any CPU
		{F2B36E5D-1E7A-45A9-8D28-4D3CF43AEB9E}.Debug|Any CPU.Build.0 = Debug|Any CPU
		{F2B36E5D-1E7A-45A9-8D28-4D3CF43AEB9E}.Debug|x64.ActiveCfg = Debug|Any CPU
		{F2B36E5D-1E7A-45A9-8D28-4D3CF43AEB9E}.Debug|x64.Build.0 = Debug|Any CPU
		{F2B36E5D-1E7A-45A9-8D28-4D3CF43AEB9E}.Debug|x86.ActiveCfg = Debug|Any CPU
		{F2B36E5D-1E7A-45A9-8D28-4D3CF43AEB9E}.Debug|x86.Build.0 = Debug|Any CPU
		{F2B36E5D-1E7A-45A9-8D28-4D3CF43AEB9E}.Release|Any CPU.ActiveCfg = Release|Any CPU
		{F2B36E5D-1E7A-45A9-8D28-4D3CF43AEB9E}.Release|Any CPU.Build.0 = Release|Any CPU
		{F2B36E5D-1E7A-45A9-8D28-4D3CF43AEB9E}.Release|x64.ActiveCfg = Release|Any CPU
		{F2B36E5D-1E7A-45A9-8D28-4D3CF43AEB9E}.Release|x64.Build.0 = Release|Any CPU
		{F2B36E5D-1E7A-45A9-8D28-4D3CF43AEB9E}.Release|x86.ActiveCfg = Release|Any CPU
		{F2B36E5D-1E7A-45A9-8D28-4D3CF43AEB9E}.Release|x86.Build.0 = Release|Any CPU
		{49F765F9-CD5B-4E36-B3C7-EA16265FE10A}.Debug|Any CPU.ActiveCfg = Debug|Any CPU
		{49F765F9-CD5B-4E36-B3C7-EA16265FE10A}.Debug|Any CPU.Build.0 = Debug|Any CPU
		{49F765F9-CD5B-4E36-B3C7-EA16265FE10A}.Debug|x64.ActiveCfg = Debug|Any CPU
		{49F765F9-CD5B-4E36-B3C7-EA16265FE10A}.Debug|x64.Build.0 = Debug|Any CPU
		{49F765F9-CD5B-4E36-B3C7-EA16265FE10A}.Debug|x86.ActiveCfg = Debug|Any CPU
		{49F765F9-CD5B-4E36-B3C7-EA16265FE10A}.Debug|x86.Build.0 = Debug|Any CPU
		{49F765F9-CD5B-4E36-B3C7-EA16265FE10A}.Release|Any CPU.ActiveCfg = Release|Any CPU
		{49F765F9-CD5B-4E36-B3C7-EA16265FE10A}.Release|Any CPU.Build.0 = Release|Any CPU
		{49F765F9-CD5B-4E36-B3C7-EA16265FE10A}.Release|x64.ActiveCfg = Release|Any CPU
		{49F765F9-CD5B-4E36-B3C7-EA16265FE10A}.Release|x64.Build.0 = Release|Any CPU
		{49F765F9-CD5B-4E36-B3C7-EA16265FE10A}.Release|x86.ActiveCfg = Release|Any CPU
		{49F765F9-CD5B-4E36-B3C7-EA16265FE10A}.Release|x86.Build.0 = Release|Any CPU
		{0A95419E-557F-4609-AF81-E3CFC2B90081}.Debug|Any CPU.ActiveCfg = Debug|Any CPU
		{0A95419E-557F-4609-AF81-E3CFC2B90081}.Debug|Any CPU.Build.0 = Debug|Any CPU
		{0A95419E-557F-4609-AF81-E3CFC2B90081}.Debug|x64.ActiveCfg = Debug|Any CPU
		{0A95419E-557F-4609-AF81-E3CFC2B90081}.Debug|x64.Build.0 = Debug|Any CPU
		{0A95419E-557F-4609-AF81-E3CFC2B90081}.Debug|x86.ActiveCfg = Debug|Any CPU
		{0A95419E-557F-4609-AF81-E3CFC2B90081}.Debug|x86.Build.0 = Debug|Any CPU
		{0A95419E-557F-4609-AF81-E3CFC2B90081}.Release|Any CPU.ActiveCfg = Release|Any CPU
		{0A95419E-557F-4609-AF81-E3CFC2B90081}.Release|Any CPU.Build.0 = Release|Any CPU
		{0A95419E-557F-4609-AF81-E3CFC2B90081}.Release|x64.ActiveCfg = Release|Any CPU
		{0A95419E-557F-4609-AF81-E3CFC2B90081}.Release|x64.Build.0 = Release|Any CPU
		{0A95419E-557F-4609-AF81-E3CFC2B90081}.Release|x86.ActiveCfg = Release|Any CPU
		{0A95419E-557F-4609-AF81-E3CFC2B90081}.Release|x86.Build.0 = Release|Any CPU
	EndGlobalSection
	GlobalSection(SolutionProperties) = preSolution
		HideSolutionNode = FALSE
	EndGlobalSection
	GlobalSection(NestedProjects) = preSolution
		{49F765F9-CD5B-4E36-B3C7-EA16265FE10A} = {0AB3BF05-4346-4AA6-1389-037BE0695223}
		{0A95419E-557F-4609-AF81-E3CFC2B90081} = {0AB3BF05-4346-4AA6-1389-037BE0695223}
	EndGlobalSection
EndGlobal
